
Microsoft Visual Studio Solution File, Format Version 12.00
# Visual Studio 15
VisualStudioVersion = 15.0.28307.852
MinimumVisualStudioVersion = 10.0.40219.1
Project("{F184B08F-C81C-45F6-A57F-5ABD9991F28F}") = "SIKIA", "WindowsApp1\SIKIA.vbproj", "{7311E65D-B2DD-4039-B5C5-1FC41AC7E8A2}"
EndProject
Global
	GlobalSection(SolutionConfigurationPlatforms) = preSolution
		Debug|Any CPU = Debug|Any CPU
		Release|Any CPU = Release|Any CPU
	EndGlobalSection
	GlobalSection(ProjectConfigurationPlatforms) = postSolution
		{7311E65D-B2DD-4039-B5C5-1FC41AC7E8A2}.Debug|Any CPU.ActiveCfg = Debug|Any CPU
		{7311E65D-B2DD-4039-B5C5-1FC41AC7E8A2}.Debug|Any CPU.Build.0 = Debug|Any CPU
		{7311E65D-B2DD-4039-B5C5-1FC41AC7E8A2}.Release|Any CPU.ActiveCfg = Release|Any CPU
		{7311E65D-B2DD-4039-B5C5-1FC41AC7E8A2}.Release|Any CPU.Build.0 = Release|Any CPU
	EndGlobalSection
	GlobalSection(SolutionProperties) = preSolution
		HideSolutionNode = FALSE
	EndGlobalSection
	GlobalSection(ExtensibilityGlobals) = postSolution
		SolutionGuid = {38D31E64-56C9-4C26-9BE0-5392B64399A9}
	EndGlobalSection
EndGlobal
